// !$*UTF8*$!
{
	archiveVersion = 1;
	classes = {
	};
	objectVersion = 55;
	objects = {

/* Begin PBXBuildFile section */
		1198F99527D6560A00E1ACE4 /* WebKit.framework in Frameworks */ = {isa = PBXBuildFile; fileRef = 64DFBBA627BCF3C300F01812 /* WebKit.framework */; };
		64DFBB9227BCECB800F01812 /* AppDelegate.swift in Sources */ = {isa = PBXBuildFile; fileRef = 64DFBB9127BCECB800F01812 /* AppDelegate.swift */; };
		64DFBB9427BCECB800F01812 /* SceneDelegate.swift in Sources */ = {isa = PBXBuildFile; fileRef = 64DFBB9327BCECB800F01812 /* SceneDelegate.swift */; };
		64DFBB9627BCECB800F01812 /* ViewController.swift in Sources */ = {isa = PBXBuildFile; fileRef = 64DFBB9527BCECB800F01812 /* ViewController.swift */; };
		64DFBB9927BCECB800F01812 /* Main.storyboard in Resources */ = {isa = PBXBuildFile; fileRef = 64DFBB9727BCECB800F01812 /* Main.storyboard */; };
		64DFBB9B27BCECB900F01812 /* Assets.xcassets in Resources */ = {isa = PBXBuildFile; fileRef = 64DFBB9A27BCECB900F01812 /* Assets.xcassets */; };
		64DFBB9E27BCECB900F01812 /* LaunchScreen.storyboard in Resources */ = {isa = PBXBuildFile; fileRef = 64DFBB9C27BCECB900F01812 /* LaunchScreen.storyboard */; };
		64DFBBA927BD0BE000F01812 /* README.md in Resources */ = {isa = PBXBuildFile; fileRef = 64DFBBA827BD0BE000F01812 /* README.md */; };
/* End PBXBuildFile section */

/* Begin PBXFileReference section */
		11DF63D527D6388000E687AD /* GNight.entitlements */ = {isa = PBXFileReference; lastKnownFileType = text.plist.entitlements; path = GNight.entitlements; sourceTree = "<group>"; };
		64DFBB8E27BCECB800F01812 /* GNight.app */ = {isa = PBXFileReference; explicitFileType = wrapper.application; includeInIndex = 0; path = GNight.app; sourceTree = BUILT_PRODUCTS_DIR; };
		64DFBB9127BCECB800F01812 /* AppDelegate.swift */ = {isa = PBXFileReference; lastKnownFileType = sourcecode.swift; path = AppDelegate.swift; sourceTree = "<group>"; };
		64DFBB9327BCECB800F01812 /* SceneDelegate.swift */ = {isa = PBXFileReference; lastKnownFileType = sourcecode.swift; path = SceneDelegate.swift; sourceTree = "<group>"; };
		64DFBB9527BCECB800F01812 /* ViewController.swift */ = {isa = PBXFileReference; lastKnownFileType = sourcecode.swift; path = ViewController.swift; sourceTree = "<group>"; };
		64DFBB9827BCECB800F01812 /* Base */ = {isa = PBXFileReference; lastKnownFileType = file.storyboard; name = Base; path = Base.lproj/Main.storyboard; sourceTree = "<group>"; };
		64DFBB9A27BCECB900F01812 /* Assets.xcassets */ = {isa = PBXFileReference; lastKnownFileType = folder.assetcatalog; path = Assets.xcassets; sourceTree = "<group>"; };
		64DFBB9D27BCECB900F01812 /* Base */ = {isa = PBXFileReference; lastKnownFileType = file.storyboard; name = Base; path = Base.lproj/LaunchScreen.storyboard; sourceTree = "<group>"; };
		64DFBB9F27BCECB900F01812 /* Info.plist */ = {isa = PBXFileReference; lastKnownFileType = text.plist.info; path = Info.plist; sourceTree = "<group>"; };
		64DFBBA627BCF3C300F01812 /* WebKit.framework */ = {isa = PBXFileReference; lastKnownFileType = wrapper.framework; name = WebKit.framework; path = System/Library/Frameworks/WebKit.framework; sourceTree = SDKROOT; };
		64DFBBA827BD0BE000F01812 /* README.md */ = {isa = PBXFileReference; lastKnownFileType = net.daringfireball.markdown; path = README.md; sourceTree = "<group>"; };
/* End PBXFileReference section */

/* Begin PBXFrameworksBuildPhase section */
		64DFBB8B27BCECB800F01812 /* Frameworks */ = {
			isa = PBXFrameworksBuildPhase;
			buildActionMask = 2147483647;
			files = (
				1198F99527D6560A00E1ACE4 /* WebKit.framework in Frameworks */,
			);
			runOnlyForDeploymentPostprocessing = 0;
		};
/* End PBXFrameworksBuildPhase section */

/* Begin PBXGroup section */
		64DFBB8527BCECB800F01812 = {
			isa = PBXGroup;
			children = (
				64DFBBA827BD0BE000F01812 /* README.md */,
				64DFBB9027BCECB800F01812 /* GNight */,
				64DFBB8F27BCECB800F01812 /* Products */,
				64DFBBA527BCF3C300F01812 /* Frameworks */,
			);
			sourceTree = "<group>";
		};
		64DFBB8F27BCECB800F01812 /* Products */ = {
			isa = PBXGroup;
			children = (
				64DFBB8E27BCECB800F01812 /* GNight.app */,
			);
			name = Products;
			sourceTree = "<group>";
		};
		64DFBB9027BCECB800F01812 /* GNight */ = {
			isa = PBXGroup;
			children = (
				11DF63D527D6388000E687AD /* GNight.entitlements */,
				64DFBB9127BCECB800F01812 /* AppDelegate.swift */,
				64DFBB9327BCECB800F01812 /* SceneDelegate.swift */,
				64DFBB9527BCECB800F01812 /* ViewController.swift */,
				64DFBB9727BCECB800F01812 /* Main.storyboard */,
				64DFBB9A27BCECB900F01812 /* Assets.xcassets */,
				64DFBB9C27BCECB900F01812 /* LaunchScreen.storyboard */,
				64DFBB9F27BCECB900F01812 /* Info.plist */,
			);
			path = GNight;
			sourceTree = "<group>";
		};
		64DFBBA527BCF3C300F01812 /* Frameworks */ = {
			isa = PBXGroup;
			children = (
				64DFBBA627BCF3C300F01812 /* WebKit.framework */,
			);
			name = Frameworks;
			sourceTree = "<group>";
		};
/* End PBXGroup section */

/* Begin PBXNativeTarget section */
		64DFBB8D27BCECB800F01812 /* GNight */ = {
			isa = PBXNativeTarget;
			buildConfigurationList = 64DFBBA227BCECB900F01812 /* Build configuration list for PBXNativeTarget "GNight" */;
			buildPhases = (
				64DFBB8A27BCECB800F01812 /* Sources */,
				64DFBB8B27BCECB800F01812 /* Frameworks */,
				64DFBB8C27BCECB800F01812 /* Resources */,
			);
			buildRules = (
			);
			dependencies = (
			);
			name = GNight;
			productName = WKDemo;
			productReference = 64DFBB8E27BCECB800F01812 /* GNight.app */;
			productType = "com.apple.product-type.application";
		};
/* End PBXNativeTarget section */

/* Begin PBXProject section */
		64DFBB8627BCECB800F01812 /* Project object */ = {
			isa = PBXProject;
			attributes = {
				BuildIndependentTargetsInParallel = 1;
				LastSwiftUpdateCheck = 1320;
				LastUpgradeCheck = 1320;
				TargetAttributes = {
					64DFBB8D27BCECB800F01812 = {
						CreatedOnToolsVersion = 13.2;
					};
				};
			};
			buildConfigurationList = 64DFBB8927BCECB800F01812 /* Build configuration list for PBXProject "GNight" */;
			compatibilityVersion = "Xcode 13.0";
			developmentRegion = en;
			hasScannedForEncodings = 0;
			knownRegions = (
				en,
				Base,
			);
			mainGroup = 64DFBB8527BCECB800F01812;
			productRefGroup = 64DFBB8F27BCECB800F01812 /* Products */;
			projectDirPath = "";
			projectRoot = "";
			targets = (
				64DFBB8D27BCECB800F01812 /* GNight */,
			);
		};
/* End PBXProject section */

/* Begin PBXResourcesBuildPhase section */
		64DFBB8C27BCECB800F01812 /* Resources */ = {
			isa = PBXResourcesBuildPhase;
			buildActionMask = 2147483647;
			files = (
				64DFBB9E27BCECB900F01812 /* LaunchScreen.storyboard in Resources */,
				64DFBB9B27BCECB900F01812 /* Assets.xcassets in Resources */,
				64DFBBA927BD0BE000F01812 /* README.md in Resources */,
				64DFBB9927BCECB800F01812 /* Main.storyboard in Resources */,
			);
			runOnlyForDeploymentPostprocessing = 0;
		};
/* End PBXResourcesBuildPhase section */

/* Begin PBXSourcesBuildPhase section */
		64DFBB8A27BCECB800F01812 /* Sources */ = {
			isa = PBXSourcesBuildPhase;
			buildActionMask = 2147483647;
			files = (
				64DFBB9627BCECB800F01812 /* ViewController.swift in Sources */,
				64DFBB9227BCECB800F01812 /* AppDelegate.swift in Sources */,
				64DFBB9427BCECB800F01812 /* SceneDelegate.swift in Sources */,
			);
			runOnlyForDeploymentPostprocessing = 0;
		};
/* End PBXSourcesBuildPhase section */

/* Begin PBXVariantGroup section */
		64DFBB9727BCECB800F01812 /* Main.storyboard */ = {
			isa = PBXVariantGroup;
			children = (
				64DFBB9827BCECB800F01812 /* Base */,
			);
			name = Main.storyboard;
			sourceTree = "<group>";
		};
		64DFBB9C27BCECB900F01812 /* LaunchScreen.storyboard */ = {
			isa = PBXVariantGroup;
			children = (
				64DFBB9D27BCECB900F01812 /* Base */,
			);
			name = LaunchScreen.storyboard;
			sourceTree = "<group>";
		};
/* End PBXVariantGroup section */

/* Begin XCBuildConfiguration section */
		64DFBBA027BCECB900F01812 /* Debug */ = {
			isa = XCBuildConfiguration;
			buildSettings = {
				ALWAYS_SEARCH_USER_PATHS = NO;
				CLANG_ANALYZER_NONNULL = YES;
				CLANG_ANALYZER_NUMBER_OBJECT_CONVERSION = YES_AGGRESSIVE;
				CLANG_CXX_LANGUAGE_STANDARD = "gnu++17";
				CLANG_CXX_LIBRARY = "libc++";
				CLANG_ENABLE_MODULES = YES;
				CLANG_ENABLE_OBJC_ARC = YES;
				CLANG_ENABLE_OBJC_WEAK = YES;
				CLANG_WARN_BLOCK_CAPTURE_AUTORELEASING = YES;
				CLANG_WARN_BOOL_CONVERSION = YES;
				CLANG_WARN_COMMA = YES;
				CLANG_WARN_CONSTANT_CONVERSION = YES;
				CLANG_WARN_DEPRECATED_OBJC_IMPLEMENTATIONS = YES;
				CLANG_WARN_DIRECT_OBJC_ISA_USAGE = YES_ERROR;
				CLANG_WARN_DOCUMENTATION_COMMENTS = YES;
				CLANG_WARN_EMPTY_BODY = YES;
				CLANG_WARN_ENUM_CONVERSION = YES;
				CLANG_WARN_INFINITE_RECURSION = YES;
				CLANG_WARN_INT_CONVERSION = YES;
				CLANG_WARN_NON_LITERAL_NULL_CONVERSION = YES;
				CLANG_WARN_OBJC_IMPLICIT_RETAIN_SELF = YES;
				CLANG_WARN_OBJC_LITERAL_CONVERSION = YES;
				CLANG_WARN_OBJC_ROOT_CLASS = YES_ERROR;
				CLANG_WARN_QUOTED_INCLUDE_IN_FRAMEWORK_HEADER = YES;
				CLANG_WARN_RANGE_LOOP_ANALYSIS = YES;
				CLANG_WARN_STRICT_PROTOTYPES = YES;
				CLANG_WARN_SUSPICIOUS_MOVE = YES;
				CLANG_WARN_UNGUARDED_AVAILABILITY = YES_AGGRESSIVE;
				CLANG_WARN_UNREACHABLE_CODE = YES;
				CLANG_WARN__DUPLICATE_METHOD_MATCH = YES;
				COPY_PHASE_STRIP = NO;
				DEBUG_INFORMATION_FORMAT = dwarf;
				ENABLE_STRICT_OBJC_MSGSEND = YES;
				ENABLE_TESTABILITY = YES;
				GCC_C_LANGUAGE_STANDARD = gnu11;
				GCC_DYNAMIC_NO_PIC = NO;
				GCC_NO_COMMON_BLOCKS = YES;
				GCC_OPTIMIZATION_LEVEL = 0;
				GCC_PREPROCESSOR_DEFINITIONS = (
					"DEBUG=1",
					"$(inherited)",
				);
				GCC_WARN_64_TO_32_BIT_CONVERSION = YES;
				GCC_WARN_ABOUT_RETURN_TYPE = YES_ERROR;
				GCC_WARN_UNDECLARED_SELECTOR = YES;
				GCC_WARN_UNINITIALIZED_AUTOS = YES_AGGRESSIVE;
				GCC_WARN_UNUSED_FUNCTION = YES;
				GCC_WARN_UNUSED_VARIABLE = YES;
				IPHONEOS_DEPLOYMENT_TARGET = 15.2;
				MTL_ENABLE_DEBUG_INFO = INCLUDE_SOURCE;
				MTL_FAST_MATH = YES;
				ONLY_ACTIVE_ARCH = YES;
				SDKROOT = iphoneos;
				SWIFT_ACTIVE_COMPILATION_CONDITIONS = DEBUG;
				SWIFT_OPTIMIZATION_LEVEL = "-Onone";
			};
			name = Debug;
		};
		64DFBBA127BCECB900F01812 /* Release */ = {
			isa = XCBuildConfiguration;
			buildSettings = {
				ALWAYS_SEARCH_USER_PATHS = NO;
				CLANG_ANALYZER_NONNULL = YES;
				CLANG_ANALYZER_NUMBER_OBJECT_CONVERSION = YES_AGGRESSIVE;
				CLANG_CXX_LANGUAGE_STANDARD = "gnu++17";
				CLANG_CXX_LIBRARY = "libc++";
				CLANG_ENABLE_MODULES = YES;
				CLANG_ENABLE_OBJC_ARC = YES;
				CLANG_ENABLE_OBJC_WEAK = YES;
				CLANG_WARN_BLOCK_CAPTURE_AUTORELEASING = YES;
				CLANG_WARN_BOOL_CONVERSION = YES;
				CLANG_WARN_COMMA = YES;
				CLANG_WARN_CONSTANT_CONVERSION = YES;
				CLANG_WARN_DEPRECATED_OBJC_IMPLEMENTATIONS = YES;
				CLANG_WARN_DIRECT_OBJC_ISA_USAGE = YES_ERROR;
				CLANG_WARN_DOCUMENTATION_COMMENTS = YES;
				CLANG_WARN_EMPTY_BODY = YES;
				CLANG_WARN_ENUM_CONVERSION = YES;
				CLANG_WARN_INFINITE_RECURSION = YES;
				CLANG_WARN_INT_CONVERSION = YES;
				CLANG_WARN_NON_LITERAL_NULL_CONVERSION = YES;
				CLANG_WARN_OBJC_IMPLICIT_RETAIN_SELF = YES;
				CLANG_WARN_OBJC_LITERAL_CONVERSION = YES;
				CLANG_WARN_OBJC_ROOT_CLASS = YES_ERROR;
				CLANG_WARN_QUOTED_INCLUDE_IN_FRAMEWORK_HEADER = YES;
				CLANG_WARN_RANGE_LOOP_ANALYSIS = YES;
				CLANG_WARN_STRICT_PROTOTYPES = YES;
				CLANG_WARN_SUSPICIOUS_MOVE = YES;
				CLANG_WARN_UNGUARDED_AVAILABILITY = YES_AGGRESSIVE;
				CLANG_WARN_UNREACHABLE_CODE = YES;
				CLANG_WARN__DUPLICATE_METHOD_MATCH = YES;
				COPY_PHASE_STRIP = NO;
				DEBUG_INFORMATION_FORMAT = "dwarf-with-dsym";
				ENABLE_NS_ASSERTIONS = NO;
				ENABLE_STRICT_OBJC_MSGSEND = YES;
				GCC_C_LANGUAGE_STANDARD = gnu11;
				GCC_NO_COMMON_BLOCKS = YES;
				GCC_WARN_64_TO_32_BIT_CONVERSION = YES;
				GCC_WARN_ABOUT_RETURN_TYPE = YES_ERROR;
				GCC_WARN_UNDECLARED_SELECTOR = YES;
				GCC_WARN_UNINITIALIZED_AUTOS = YES_AGGRESSIVE;
				GCC_WARN_UNUSED_FUNCTION = YES;
				GCC_WARN_UNUSED_VARIABLE = YES;
				IPHONEOS_DEPLOYMENT_TARGET = 15.2;
				MTL_ENABLE_DEBUG_INFO = NO;
				MTL_FAST_MATH = YES;
				SDKROOT = iphoneos;
				SWIFT_COMPILATION_MODE = wholemodule;
				SWIFT_OPTIMIZATION_LEVEL = "-O";
				VALIDATE_PRODUCT = YES;
			};
			name = Release;
		};
		64DFBBA327BCECB900F01812 /* Debug */ = {
			isa = XCBuildConfiguration;
			buildSettings = {
				ASSETCATALOG_COMPILER_APPICON_NAME = AppIcon;
				ASSETCATALOG_COMPILER_GLOBAL_ACCENT_COLOR_NAME = AccentColor;
				CODE_SIGN_ENTITLEMENTS = GNight/GNight.entitlements;
				"CODE_SIGN_IDENTITY[sdk=macosx*]" = "-";
				CODE_SIGN_STYLE = Automatic;
				CURRENT_PROJECT_VERSION = 1;
				DEVELOPMENT_TEAM = MR7XYRGFVR;
				GENERATE_INFOPLIST_FILE = YES;
				INFOPLIST_FILE = GNight/Info.plist;
				INFOPLIST_KEY_CFBundleDisplayName = GNight;
				INFOPLIST_KEY_LSApplicationCategoryType = "public.app-category.music";
				INFOPLIST_KEY_UIApplicationSupportsIndirectInputEvents = YES;
				INFOPLIST_KEY_UILaunchStoryboardName = LaunchScreen;
				INFOPLIST_KEY_UIMainStoryboardFile = Main;
				INFOPLIST_KEY_UISupportedInterfaceOrientations_iPad = "UIInterfaceOrientationPortrait UIInterfaceOrientationPortraitUpsideDown UIInterfaceOrientationLandscapeLeft UIInterfaceOrientationLandscapeRight";
				INFOPLIST_KEY_UISupportedInterfaceOrientations_iPhone = "UIInterfaceOrientationPortrait UIInterfaceOrientationLandscapeLeft UIInterfaceOrientationLandscapeRight";
				IPHONEOS_DEPLOYMENT_TARGET = 15.2;
				LD_RUNPATH_SEARCH_PATHS = (
					"$(inherited)",
					"@executable_path/Frameworks",
				);
				MARKETING_VERSION = 1.0;
				PRODUCT_BUNDLE_IDENTIFIER = cn.viplab;
				PRODUCT_NAME = "$(TARGET_NAME)";
				SUPPORTS_MACCATALYST = YES;
				SWIFT_EMIT_LOC_STRINGS = YES;
				SWIFT_VERSION = 5.0;
				TARGETED_DEVICE_FAMILY = "1,2,6";
			};
			name = Debug;
		};
		64DFBBA427BCECB900F01812 /* Release */ = {
			isa = XCBuildConfiguration;
			buildSettings = {
				ASSETCATALOG_COMPILER_APPICON_NAME = AppIcon;
				ASSETCATALOG_COMPILER_GLOBAL_ACCENT_COLOR_NAME = AccentColor;
				CODE_SIGN_ENTITLEMENTS = GNight/GNight.entitlements;
				"CODE_SIGN_IDENTITY[sdk=macosx*]" = "-";
				CODE_SIGN_STYLE = Automatic;
				CURRENT_PROJECT_VERSION = 1;
				DEVELOPMENT_TEAM = MR7XYRGFVR;
				GENERATE_INFOPLIST_FILE = YES;
				INFOPLIST_FILE = GNight/Info.plist;
				INFOPLIST_KEY_CFBundleDisplayName = GNight;
				INFOPLIST_KEY_LSApplicationCategoryType = "public.app-category.music";
				INFOPLIST_KEY_UIApplicationSupportsIndirectInputEvents = YES;
				INFOPLIST_KEY_UILaunchStoryboardName = LaunchScreen;
				INFOPLIST_KEY_UIMainStoryboardFile = Main;
				INFOPLIST_KEY_UISupportedInterfaceOrientations_iPad = "UIInterfaceOrientationPortrait UIInterfaceOrientationPortraitUpsideDown UIInterfaceOrientationLandscapeLeft UIInterfaceOrientationLandscapeRight";
				INFOPLIST_KEY_UISupportedInterfaceOrientations_iPhone = "UIInterfaceOrientationPortrait UIInterfaceOrientationLandscapeLeft UIInterfaceOrientationLandscapeRight";
				IPHONEOS_DEPLOYMENT_TARGET = 15.2;
				LD_RUNPATH_SEARCH_PATHS = (
					"$(inherited)",
					"@executable_path/Frameworks",
				);
				MARKETING_VERSION = 1.0;
				PRODUCT_BUNDLE_IDENTIFIER = cn.viplab;
				PRODUCT_NAME = "$(TARGET_NAME)";
				SUPPORTS_MACCATALYST = YES;
				SWIFT_EMIT_LOC_STRINGS = YES;
				SWIFT_VERSION = 5.0;
				TARGETED_DEVICE_FAMILY = "1,2,6";
			};
			name = Release;
		};
/* End XCBuildConfiguration section */

/* Begin XCConfigurationList section */
		64DFBB8927BCECB800F01812 /* Build configuration list for PBXProject "GNight" */ = {
			isa = XCConfigurationList;
			buildConfigurations = (
				64DFBBA027BCECB900F01812 /* Debug */,
				64DFBBA127BCECB900F01812 /* Release */,
			);
			defaultConfigurationIsVisible = 0;
			defaultConfigurationName = Release;
		};
		64DFBBA227BCECB900F01812 /* Build configuration list for PBXNativeTarget "GNight" */ = {
			isa = XCConfigurationList;
			buildConfigurations = (
				64DFBBA327BCECB900F01812 /* Debug */,
				64DFBBA427BCECB900F01812 /* Release */,
			);
			defaultConfigurationIsVisible = 0;
			defaultConfigurationName = Release;
		};
/* End XCConfigurationList section */
	};
	rootObject = 64DFBB8627BCECB800F01812 /* Project object */;
}
